
Microsoft Visual Studio Solution File, Format Version 12.00
# Visual Studio Version 16
VisualStudioVersion = 16.0.31829.152
MinimumVisualStudioVersion = 10.0.40219.1
Project("{FAE04EC0-301F-11D3-BF4B-00C04F79EFBC}") = "Fundoo_Notes", "Fundoo_Notes\Fundoo_Notes.csproj", "{1290EAEF-3E41-4DD9-9235-15DAB401A2D4}"
EndProject
Global
	GlobalSection(SolutionConfigurationPlatforms) = preSolution
		Debug|Any CPU = Debug|Any CPU
		Release|Any CPU = Release|Any CPU
	EndGlobalSection
	GlobalSection(ProjectConfigurationPlatforms) = postSolution
		{1290EAEF-3E41-4DD9-9235-15DAB401A2D4}.Debug|Any CPU.ActiveCfg = Debug|Any CPU
		{1290EAEF-3E41-4DD9-9235-15DAB401A2D4}.Debug|Any CPU.Build.0 = Debug|Any CPU
		{1290EAEF-3E41-4DD9-9235-15DAB401A2D4}.Release|Any CPU.ActiveCfg = Release|Any CPU
		{1290EAEF-3E41-4DD9-9235-15DAB401A2D4}.Release|Any CPU.Build.0 = Release|Any CPU
	EndGlobalSection
	GlobalSection(SolutionProperties) = preSolution
		HideSolutionNode = FALSE
	EndGlobalSection
	GlobalSection(ExtensibilityGlobals) = postSolution
		SolutionGuid = {CE5E1C64-43F3-46B0-BCE9-363E58236894}
	EndGlobalSection
EndGlobal
